
Microsoft Visual Studio Solution File, Format Version 12.00
# Visual Studio Version 16
VisualStudioVersion = 16.0.32413.511
MinimumVisualStudioVersion = 10.0.40219.1
Project("{FAE04EC0-301F-11D3-BF4B-00C04F79EFBC}") = "Wox.Plugin", "Wox.Plugin\Wox.Plugin.csproj", "{A7861615-7241-4D8F-9DFD-618F23B57187}"
EndProject
Global
	GlobalSection(SolutionConfigurationPlatforms) = preSolution
		Debug|Any CPU = Debug|Any CPU
		Release|Any CPU = Release|Any CPU
	EndGlobalSection
	GlobalSection(ProjectConfigurationPlatforms) = postSolution
		{A7861615-7241-4D8F-9DFD-618F23B57187}.Debug|Any CPU.ActiveCfg = Debug|Any CPU
		{A7861615-7241-4D8F-9DFD-618F23B57187}.Debug|Any CPU.Build.0 = Debug|Any CPU
		{A7861615-7241-4D8F-9DFD-618F23B57187}.Release|Any CPU.ActiveCfg = Release|Any CPU
		{A7861615-7241-4D8F-9DFD-618F23B57187}.Release|Any CPU.Build.0 = Release|Any CPU
	EndGlobalSection
	GlobalSection(SolutionProperties) = preSolution
		HideSolutionNode = FALSE
	EndGlobalSection
	GlobalSection(ExtensibilityGlobals) = postSolution
		SolutionGuid = {017E7B0F-8814-427A-8B19-62FCBC0FF974}
	EndGlobalSection
EndGlobal
